{
  "nodes": {
    "nixpkgs": {
      "locked": {
        "lastModified": 1728607274,
        "narHash": "sha256-YZFDAFxmZmKHpdEdssjIbtaRcf6KfDGy/i7loCc1da4=",
        "owner": "nixos",
        "repo": "nixpkgs",
        "rev": "8e65989a9972ce1da033f445d2598683590dfb8a",
        "type": "github"
      },
      "original": {
        "owner": "nixos",
        "ref": "master",
        "repo": "nixpkgs",
        "type": "github"
      }
    },
    "root": {
      "inputs": {
        "nixpkgs": "nixpkgs"
      }
    }
  },
  "root": "root",
  "version": 7
}
